PODS:
  - ChannelIOSDK (12.2.1)
  - Flutter (1.0.0)
  - webview_flutter_wkwebview (0.0.1):
    - Flutter
    - FlutterMacOS

DEPENDENCIES:
  - ChannelIOSDK (from `https://mobile-static.channel.io/ios/latest/xcframework.podspec`)
  - Flutter (from `Flutter`)
  - webview_flutter_wkwebview (from `.symlinks/plugins/webview_flutter_wkwebview/darwin`)

EXTERNAL SOURCES:
  ChannelIOSDK:
    :podspec: https://mobile-static.channel.io/ios/latest/xcframework.podspec
  Flutter:
    :path: Flutter
  webview_flutter_wkwebview:
    :path: ".symlinks/plugins/webview_flutter_wkwebview/darwin"

SPEC CHECKSUMS:
  ChannelIOSDK: b9da8b4b3572bc85605b8a6608fd8725547db1db
  Flutter: e0871f40cf51350855a761d2e70bf5af5b9b5de7
  webview_flutter_wkwebview: 0982481e3d9c78fd5c6f62a002fcd24fc791f1e4

PODFILE CHECKSUM: bdf5b3d4eb35e58b30e17e0d69935ec32ab41655

COCOAPODS: 1.15.2
